// !$*UTF8*$!
{
	archiveVersion = 1;
	classes = {
	};
	objectVersion = 50;
	objects = {

/* Begin PBXBuildFile section */
		822B6A1B22481F7E003BCF4A /* Characters.swift in Sources */ = {isa = PBXBuildFile; fileRef = 822B6A1A22481F7E003BCF4A /* Characters.swift */; };
		8279F9562254FFAA00CCD54C /* Weapon.swift in Sources */ = {isa = PBXBuildFile; fileRef = 8279F9552254FFAA00CCD54C /* Weapon.swift */; };
		8279F9582254FFFC00CCD54C /* Fighter.swift in Sources */ = {isa = PBXBuildFile; fileRef = 8279F9572254FFFC00CCD54C /* Fighter.swift */; };
		8279F95A2255002B00CCD54C /* Wizard.swift in Sources */ = {isa = PBXBuildFile; fileRef = 8279F9592255002B00CCD54C /* Wizard.swift */; };
		8279F95C2255005000CCD54C /* Colossus.swift in Sources */ = {isa = PBXBuildFile; fileRef = 8279F95B2255005000CCD54C /* Colossus.swift */; };
		8279F95E225500A000CCD54C /* Dwarf.swift in Sources */ = {isa = PBXBuildFile; fileRef = 8279F95D225500A000CCD54C /* Dwarf.swift */; };
		8279F960225500FE00CCD54C /* PlayerManager.swift in Sources */ = {isa = PBXBuildFile; fileRef = 8279F95F225500FE00CCD54C /* PlayerManager.swift */; };
		8279F962225A257F00CCD54C /* Fight.swift in Sources */ = {isa = PBXBuildFile; fileRef = 8279F961225A257F00CCD54C /* Fight.swift */; };
		829A1A82224000F400E1E2E0 /* main.swift in Sources */ = {isa = PBXBuildFile; fileRef = 829A1A81224000F400E1E2E0 /* main.swift */; };
		829A1A892240012D00E1E2E0 /* Introduction.swift in Sources */ = {isa = PBXBuildFile; fileRef = 829A1A882240012D00E1E2E0 /* Introduction.swift */; };
		82B55C772260D0BD0057FBBB /* ProtocolUnwrapPlayers.swift in Sources */ = {isa = PBXBuildFile; fileRef = 82B55C762260D0BD0057FBBB /* ProtocolUnwrapPlayers.swift */; };
		82D8C9692245748100449379 /* Player.swift in Sources */ = {isa = PBXBuildFile; fileRef = 82D8C9682245748100449379 /* Player.swift */; };
/* End PBXBuildFile section */

/* Begin PBXCopyFilesBuildPhase section */
		829A1A7C224000F400E1E2E0 /* CopyFiles */ = {
			isa = PBXCopyFilesBuildPhase;
			buildActionMask = 2147483647;
			dstPath = /usr/share/man/man1/;
			dstSubfolderSpec = 0;
			files = (
			);
			runOnlyForDeploymentPostprocessing = 1;
		};
/* End PBXCopyFilesBuildPhase section */

/* Begin PBXFileReference section */
		822B6A1A22481F7E003BCF4A /* Characters.swift */ = {isa = PBXFileReference; lastKnownFileType = sourcecode.swift; path = Characters.swift; sourceTree = "<group>"; };
		8279F9552254FFAA00CCD54C /* Weapon.swift */ = {isa = PBXFileReference; lastKnownFileType = sourcecode.swift; path = Weapon.swift; sourceTree = "<group>"; };
		8279F9572254FFFC00CCD54C /* Fighter.swift */ = {isa = PBXFileReference; lastKnownFileType = sourcecode.swift; path = Fighter.swift; sourceTree = "<group>"; };
		8279F9592255002B00CCD54C /* Wizard.swift */ = {isa = PBXFileReference; lastKnownFileType = sourcecode.swift; path = Wizard.swift; sourceTree = "<group>"; };
		8279F95B2255005000CCD54C /* Colossus.swift */ = {isa = PBXFileReference; lastKnownFileType = sourcecode.swift; path = Colossus.swift; sourceTree = "<group>"; };
		8279F95D225500A000CCD54C /* Dwarf.swift */ = {isa = PBXFileReference; lastKnownFileType = sourcecode.swift; path = Dwarf.swift; sourceTree = "<group>"; };
		8279F95F225500FE00CCD54C /* PlayerManager.swift */ = {isa = PBXFileReference; lastKnownFileType = sourcecode.swift; path = PlayerManager.swift; sourceTree = "<group>"; };
		8279F961225A257F00CCD54C /* Fight.swift */ = {isa = PBXFileReference; lastKnownFileType = sourcecode.swift; path = Fight.swift; sourceTree = "<group>"; };
		829A1A7E224000F400E1E2E0 /* P3Game */ = {isa = PBXFileReference; explicitFileType = "compiled.mach-o.executable"; includeInIndex = 0; path = P3Game; sourceTree = BUILT_PRODUCTS_DIR; };
		829A1A81224000F400E1E2E0 /* main.swift */ = {isa = PBXFileReference; lastKnownFileType = sourcecode.swift; path = main.swift; sourceTree = "<group>"; };
		829A1A882240012D00E1E2E0 /* Introduction.swift */ = {isa = PBXFileReference; lastKnownFileType = sourcecode.swift; path = Introduction.swift; sourceTree = "<group>"; };
		82B55C762260D0BD0057FBBB /* ProtocolUnwrapPlayers.swift */ = {isa = PBXFileReference; lastKnownFileType = sourcecode.swift; path = ProtocolUnwrapPlayers.swift; sourceTree = "<group>"; };
		82D8C9682245748100449379 /* Player.swift */ = {isa = PBXFileReference; lastKnownFileType = sourcecode.swift; path = Player.swift; sourceTree = "<group>"; };
/* End PBXFileReference section */

/* Begin PBXFrameworksBuildPhase section */
		829A1A7B224000F400E1E2E0 /* Frameworks */ = {
			isa = PBXFrameworksBuildPhase;
			buildActionMask = 2147483647;
			files = (
			);
			runOnlyForDeploymentPostprocessing = 0;
		};
/* End PBXFrameworksBuildPhase section */

/* Begin PBXGroup section */
		829A1A75224000F300E1E2E0 = {
			isa = PBXGroup;
			children = (
				829A1A80224000F400E1E2E0 /* P3Game */,
				829A1A7F224000F400E1E2E0 /* Products */,
			);
			sourceTree = "<group>";
		};
		829A1A7F224000F400E1E2E0 /* Products */ = {
			isa = PBXGroup;
			children = (
				829A1A7E224000F400E1E2E0 /* P3Game */,
			);
			name = Products;
			sourceTree = "<group>";
		};
		829A1A80224000F400E1E2E0 /* P3Game */ = {
			isa = PBXGroup;
			children = (
				829A1A81224000F400E1E2E0 /* main.swift */,
				829A1A882240012D00E1E2E0 /* Introduction.swift */,
				822B6A1A22481F7E003BCF4A /* Characters.swift */,
				82D8C9682245748100449379 /* Player.swift */,
				8279F95F225500FE00CCD54C /* PlayerManager.swift */,
				82B55C762260D0BD0057FBBB /* ProtocolUnwrapPlayers.swift */,
				8279F9552254FFAA00CCD54C /* Weapon.swift */,
				8279F9572254FFFC00CCD54C /* Fighter.swift */,
				8279F9592255002B00CCD54C /* Wizard.swift */,
				8279F95B2255005000CCD54C /* Colossus.swift */,
				8279F95D225500A000CCD54C /* Dwarf.swift */,
				8279F961225A257F00CCD54C /* Fight.swift */,
			);
			path = P3Game;
			sourceTree = "<group>";
		};
/* End PBXGroup section */

/* Begin PBXNativeTarget section */
		829A1A7D224000F400E1E2E0 /* P3Game */ = {
			isa = PBXNativeTarget;
			buildConfigurationList = 829A1A85224000F400E1E2E0 /* Build configuration list for PBXNativeTarget "P3Game" */;
			buildPhases = (
				829A1A7A224000F400E1E2E0 /* Sources */,
				829A1A7B224000F400E1E2E0 /* Frameworks */,
				829A1A7C224000F400E1E2E0 /* CopyFiles */,
			);
			buildRules = (
			);
			dependencies = (
			);
			name = P3Game;
			productName = P3Game;
			productReference = 829A1A7E224000F400E1E2E0 /* P3Game */;
			productType = "com.apple.product-type.tool";
		};
/* End PBXNativeTarget section */

/* Begin PBXProject section */
		829A1A76224000F300E1E2E0 /* Project object */ = {
			isa = PBXProject;
			attributes = {
				LastSwiftUpdateCheck = 1010;
				LastUpgradeCheck = 1010;
				ORGANIZATIONNAME = Cedric;
				TargetAttributes = {
					829A1A7D224000F400E1E2E0 = {
						CreatedOnToolsVersion = 10.1;
						LastSwiftMigration = 1020;
					};
				};
			};
			buildConfigurationList = 829A1A79224000F300E1E2E0 /* Build configuration list for PBXProject "P3Game" */;
			compatibilityVersion = "Xcode 9.3";
			developmentRegion = en;
			hasScannedForEncodings = 0;
			knownRegions = (
				en,
				Base,
			);
			mainGroup = 829A1A75224000F300E1E2E0;
			productRefGroup = 829A1A7F224000F400E1E2E0 /* Products */;
			projectDirPath = "";
			projectRoot = "";
			targets = (
				829A1A7D224000F400E1E2E0 /* P3Game */,
			);
		};
/* End PBXProject section */

/* Begin PBXSourcesBuildPhase section */
		829A1A7A224000F400E1E2E0 /* Sources */ = {
			isa = PBXSourcesBuildPhase;
			buildActionMask = 2147483647;
			files = (
				8279F962225A257F00CCD54C /* Fight.swift in Sources */,
				8279F960225500FE00CCD54C /* PlayerManager.swift in Sources */,
				8279F9562254FFAA00CCD54C /* Weapon.swift in Sources */,
				8279F9582254FFFC00CCD54C /* Fighter.swift in Sources */,
				8279F95E225500A000CCD54C /* Dwarf.swift in Sources */,
				82D8C9692245748100449379 /* Player.swift in Sources */,
				829A1A82224000F400E1E2E0 /* main.swift in Sources */,
				8279F95C2255005000CCD54C /* Colossus.swift in Sources */,
				829A1A892240012D00E1E2E0 /* Introduction.swift in Sources */,
				8279F95A2255002B00CCD54C /* Wizard.swift in Sources */,
				822B6A1B22481F7E003BCF4A /* Characters.swift in Sources */,
				82B55C772260D0BD0057FBBB /* ProtocolUnwrapPlayers.swift in Sources */,
			);
			runOnlyForDeploymentPostprocessing = 0;
		};
/* End PBXSourcesBuildPhase section */

/* Begin XCBuildConfiguration section */
		829A1A83224000F400E1E2E0 /* Debug */ = {
			isa = XCBuildConfiguration;
			buildSettings = {
				ALWAYS_SEARCH_USER_PATHS = NO;
				CLANG_ANALYZER_NONNULL = YES;
				CLANG_ANALYZER_NUMBER_OBJECT_CONVERSION = YES_AGGRESSIVE;
				CLANG_CXX_LANGUAGE_STANDARD = "gnu++14";
				CLANG_CXX_LIBRARY = "libc++";
				CLANG_ENABLE_MODULES = YES;
				CLANG_ENABLE_OBJC_ARC = YES;
				CLANG_ENABLE_OBJC_WEAK = YES;
				CLANG_WARN_BLOCK_CAPTURE_AUTORELEASING = YES;
				CLANG_WARN_BOOL_CONVERSION = YES;
				CLANG_WARN_COMMA = YES;
				CLANG_WARN_CONSTANT_CONVERSION = YES;
				CLANG_WARN_DEPRECATED_OBJC_IMPLEMENTATIONS = YES;
				CLANG_WARN_DIRECT_OBJC_ISA_USAGE = YES_ERROR;
				CLANG_WARN_DOCUMENTATION_COMMENTS = YES;
				CLANG_WARN_EMPTY_BODY = YES;
				CLANG_WARN_ENUM_CONVERSION = YES;
				CLANG_WARN_INFINITE_RECURSION = YES;
				CLANG_WARN_INT_CONVERSION = YES;
				CLANG_WARN_NON_LITERAL_NULL_CONVERSION = YES;
				CLANG_WARN_OBJC_IMPLICIT_RETAIN_SELF = YES;
				CLANG_WARN_OBJC_LITERAL_CONVERSION = YES;
				CLANG_WARN_OBJC_ROOT_CLASS = YES_ERROR;
				CLANG_WARN_RANGE_LOOP_ANALYSIS = YES;
				CLANG_WARN_STRICT_PROTOTYPES = YES;
				CLANG_WARN_SUSPICIOUS_MOVE = YES;
				CLANG_WARN_UNGUARDED_AVAILABILITY = YES_AGGRESSIVE;
				CLANG_WARN_UNREACHABLE_CODE = YES;
				CLANG_WARN__DUPLICATE_METHOD_MATCH = YES;
				CODE_SIGN_IDENTITY = "Mac Developer";
				COPY_PHASE_STRIP = NO;
				DEBUG_INFORMATION_FORMAT = dwarf;
				ENABLE_STRICT_OBJC_MSGSEND = YES;
				ENABLE_TESTABILITY = YES;
				GCC_C_LANGUAGE_STANDARD = gnu11;
				GCC_DYNAMIC_NO_PIC = NO;
				GCC_NO_COMMON_BLOCKS = YES;
				GCC_OPTIMIZATION_LEVEL = 0;
				GCC_PREPROCESSOR_DEFINITIONS = (
					"DEBUG=1",
					"$(inherited)",
				);
				GCC_WARN_64_TO_32_BIT_CONVERSION = YES;
				GCC_WARN_ABOUT_RETURN_TYPE = YES_ERROR;
				GCC_WARN_UNDECLARED_SELECTOR = YES;
				GCC_WARN_UNINITIALIZED_AUTOS = YES_AGGRESSIVE;
				GCC_WARN_UNUSED_FUNCTION = YES;
				GCC_WARN_UNUSED_VARIABLE = YES;
				MACOSX_DEPLOYMENT_TARGET = 10.14;
				MTL_ENABLE_DEBUG_INFO = INCLUDE_SOURCE;
				MTL_FAST_MATH = YES;
				ONLY_ACTIVE_ARCH = YES;
				SDKROOT = macosx;
				SWIFT_ACTIVE_COMPILATION_CONDITIONS = DEBUG;
				SWIFT_OPTIMIZATION_LEVEL = "-Onone";
			};
			name = Debug;
		};
		829A1A84224000F400E1E2E0 /* Release */ = {
			isa = XCBuildConfiguration;
			buildSettings = {
				ALWAYS_SEARCH_USER_PATHS = NO;
				CLANG_ANALYZER_NONNULL = YES;
				CLANG_ANALYZER_NUMBER_OBJECT_CONVERSION = YES_AGGRESSIVE;
				CLANG_CXX_LANGUAGE_STANDARD = "gnu++14";
				CLANG_CXX_LIBRARY = "libc++";
				CLANG_ENABLE_MODULES = YES;
				CLANG_ENABLE_OBJC_ARC = YES;
				CLANG_ENABLE_OBJC_WEAK = YES;
				CLANG_WARN_BLOCK_CAPTURE_AUTORELEASING = YES;
				CLANG_WARN_BOOL_CONVERSION = YES;
				CLANG_WARN_COMMA = YES;
				CLANG_WARN_CONSTANT_CONVERSION = YES;
				CLANG_WARN_DEPRECATED_OBJC_IMPLEMENTATIONS = YES;
				CLANG_WARN_DIRECT_OBJC_ISA_USAGE = YES_ERROR;
				CLANG_WARN_DOCUMENTATION_COMMENTS = YES;
				CLANG_WARN_EMPTY_BODY = YES;
				CLANG_WARN_ENUM_CONVERSION = YES;
				CLANG_WARN_INFINITE_RECURSION = YES;
				CLANG_WARN_INT_CONVERSION = YES;
				CLANG_WARN_NON_LITERAL_NULL_CONVERSION = YES;
				CLANG_WARN_OBJC_IMPLICIT_RETAIN_SELF = YES;
				CLANG_WARN_OBJC_LITERAL_CONVERSION = YES;
				CLANG_WARN_OBJC_ROOT_CLASS = YES_ERROR;
				CLANG_WARN_RANGE_LOOP_ANALYSIS = YES;
				CLANG_WARN_STRICT_PROTOTYPES = YES;
				CLANG_WARN_SUSPICIOUS_MOVE = YES;
				CLANG_WARN_UNGUARDED_AVAILABILITY = YES_AGGRESSIVE;
				CLANG_WARN_UNREACHABLE_CODE = YES;
				CLANG_WARN__DUPLICATE_METHOD_MATCH = YES;
				CODE_SIGN_IDENTITY = "Mac Developer";
				COPY_PHASE_STRIP = NO;
				DEBUG_INFORMATION_FORMAT = "dwarf-with-dsym";
				ENABLE_NS_ASSERTIONS = NO;
				ENABLE_STRICT_OBJC_MSGSEND = YES;
				GCC_C_LANGUAGE_STANDARD = gnu11;
				GCC_NO_COMMON_BLOCKS = YES;
				GCC_WARN_64_TO_32_BIT_CONVERSION = YES;
				GCC_WARN_ABOUT_RETURN_TYPE = YES_ERROR;
				GCC_WARN_UNDECLARED_SELECTOR = YES;
				GCC_WARN_UNINITIALIZED_AUTOS = YES_AGGRESSIVE;
				GCC_WARN_UNUSED_FUNCTION = YES;
				GCC_WARN_UNUSED_VARIABLE = YES;
				MACOSX_DEPLOYMENT_TARGET = 10.14;
				MTL_ENABLE_DEBUG_INFO = NO;
				MTL_FAST_MATH = YES;
				SDKROOT = macosx;
				SWIFT_COMPILATION_MODE = wholemodule;
				SWIFT_OPTIMIZATION_LEVEL = "-O";
			};
			name = Release;
		};
		829A1A86224000F400E1E2E0 /* Debug */ = {
			isa = XCBuildConfiguration;
			buildSettings = {
				CODE_SIGN_STYLE = Automatic;
				DEVELOPMENT_TEAM = Y76M773K4Z;
				PRODUCT_NAME = "$(TARGET_NAME)";
				SWIFT_VERSION = 5.0;
			};
			name = Debug;
		};
		829A1A87224000F400E1E2E0 /* Release */ = {
			isa = XCBuildConfiguration;
			buildSettings = {
				CODE_SIGN_STYLE = Automatic;
				DEVELOPMENT_TEAM = Y76M773K4Z;
				PRODUCT_NAME = "$(TARGET_NAME)";
				SWIFT_VERSION = 5.0;
			};
			name = Release;
		};
/* End XCBuildConfiguration section */

/* Begin XCConfigurationList section */
		829A1A79224000F300E1E2E0 /* Build configuration list for PBXProject "P3Game" */ = {
			isa = XCConfigurationList;
			buildConfigurations = (
				829A1A83224000F400E1E2E0 /* Debug */,
				829A1A84224000F400E1E2E0 /* Release */,
			);
			defaultConfigurationIsVisible = 0;
			defaultConfigurationName = Release;
		};
		829A1A85224000F400E1E2E0 /* Build configuration list for PBXNativeTarget "P3Game" */ = {
			isa = XCConfigurationList;
			buildConfigurations = (
				829A1A86224000F400E1E2E0 /* Debug */,
				829A1A87224000F400E1E2E0 /* Release */,
			);
			defaultConfigurationIsVisible = 0;
			defaultConfigurationName = Release;
		};
/* End XCConfigurationList section */
	};
	rootObject = 829A1A76224000F300E1E2E0 /* Project object */;
}
